// !$*UTF8*$!
{
	archiveVersion = 1;
	classes = {
	};
	objectVersion = 56;
	objects = {

/* Begin PBXBuildFile section */
		444457C82A7D3E700007EF04 /* AppDelegate.swift in Sources */ = {isa = PBXBuildFile; fileRef = 444457C72A7D3E700007EF04 /* AppDelegate.swift */; };
		444457CA2A7D3E700007EF04 /* SceneDelegate.swift in Sources */ = {isa = PBXBuildFile; fileRef = 444457C92A7D3E700007EF04 /* SceneDelegate.swift */; };
		444457CC2A7D3E700007EF04 /* ViewController.swift in Sources */ = {isa = PBXBuildFile; fileRef = 444457CB2A7D3E700007EF04 /* ViewController.swift */; };
		444457CF2A7D3E700007EF04 /* Main.storyboard in Resources */ = {isa = PBXBuildFile; fileRef = 444457CD2A7D3E700007EF04 /* Main.storyboard */; };
		444457D12A7D3E720007EF04 /* Assets.xcassets in Resources */ = {isa = PBXBuildFile; fileRef = 444457D02A7D3E720007EF04 /* Assets.xcassets */; };
		444457D42A7D3E720007EF04 /* LaunchScreen.storyboard in Resources */ = {isa = PBXBuildFile; fileRef = 444457D22A7D3E720007EF04 /* LaunchScreen.storyboard */; };
		444457DF2A7D3E720007EF04 /* thetaTestClientTests.swift in Sources */ = {isa = PBXBuildFile; fileRef = 444457DE2A7D3E720007EF04 /* thetaTestClientTests.swift */; };
		444457E92A7D3E720007EF04 /* thetaTestClientUITests.swift in Sources */ = {isa = PBXBuildFile; fileRef = 444457E82A7D3E720007EF04 /* thetaTestClientUITests.swift */; };
		444457EB2A7D3E720007EF04 /* thetaTestClientUITestsLaunchTests.swift in Sources */ = {isa = PBXBuildFile; fileRef = 444457EA2A7D3E720007EF04 /* thetaTestClientUITestsLaunchTests.swift */; };
		444457F82A7D3EEB0007EF04 /* ThetaSdk.swift in Sources */ = {isa = PBXBuildFile; fileRef = 444457F72A7D3EEB0007EF04 /* ThetaSdk.swift */; };
		444457FA2A7D41AE0007EF04 /* RicohThetaManager.swift in Sources */ = {isa = PBXBuildFile; fileRef = 444457F92A7D41AE0007EF04 /* RicohThetaManager.swift */; };
		8703FD05E291101859778CCF /* Pods_thetaTestClientTests.framework in Frameworks */ = {isa = PBXBuildFile; fileRef = 8F6D49886AE0EA36638AD47B /* Pods_thetaTestClientTests.framework */; };
		B0141BFA10C7F4C1D03B064A /* Pods_thetaTestClient.framework in Frameworks */ = {isa = PBXBuildFile; fileRef = 6B625F868524D307075694D7 /* Pods_thetaTestClient.framework */; };
		B6BA27053544DAAD3F33B82D /* Pods_thetaTestClient_thetaTestClientUITests.framework in Frameworks */ = {isa = PBXBuildFile; fileRef = 31E4EB7D0F29E5E11AAD7742 /* Pods_thetaTestClient_thetaTestClientUITests.framework */; };
/* End PBXBuildFile section */

/* Begin PBXContainerItemProxy section */
		444457DB2A7D3E720007EF04 /* PBXContainerItemProxy */ = {
			isa = PBXContainerItemProxy;
			containerPortal = 444457BC2A7D3E700007EF04 /* Project object */;
			proxyType = 1;
			remoteGlobalIDString = 444457C32A7D3E700007EF04;
			remoteInfo = thetaTestClient;
		};
		444457E52A7D3E720007EF04 /* PBXContainerItemProxy */ = {
			isa = PBXContainerItemProxy;
			containerPortal = 444457BC2A7D3E700007EF04 /* Project object */;
			proxyType = 1;
			remoteGlobalIDString = 444457C32A7D3E700007EF04;
			remoteInfo = thetaTestClient;
		};
/* End PBXContainerItemProxy section */

/* Begin PBXFileReference section */
		31E4EB7D0F29E5E11AAD7742 /* Pods_thetaTestClient_thetaTestClientUITests.framework */ = {isa = PBXFileReference; explicitFileType = wrapper.framework; includeInIndex = 0; path = Pods_thetaTestClient_thetaTestClientUITests.framework; sourceTree = BUILT_PRODUCTS_DIR; };
		444457C42A7D3E700007EF04 /* thetaTestClient.app */ = {isa = PBXFileReference; explicitFileType = wrapper.application; includeInIndex = 0; path = thetaTestClient.app; sourceTree = BUILT_PRODUCTS_DIR; };
		444457C72A7D3E700007EF04 /* AppDelegate.swift */ = {isa = PBXFileReference; lastKnownFileType = sourcecode.swift; path = AppDelegate.swift; sourceTree = "<group>"; };
		444457C92A7D3E700007EF04 /* SceneDelegate.swift */ = {isa = PBXFileReference; lastKnownFileType = sourcecode.swift; path = SceneDelegate.swift; sourceTree = "<group>"; };
		444457CB2A7D3E700007EF04 /* ViewController.swift */ = {isa = PBXFileReference; lastKnownFileType = sourcecode.swift; path = ViewController.swift; sourceTree = "<group>"; };
		444457CE2A7D3E700007EF04 /* Base */ = {isa = PBXFileReference; lastKnownFileType = file.storyboard; name = Base; path = Base.lproj/Main.storyboard; sourceTree = "<group>"; };
		444457D02A7D3E720007EF04 /* Assets.xcassets */ = {isa = PBXFileReference; lastKnownFileType = folder.assetcatalog; path = Assets.xcassets; sourceTree = "<group>"; };
		444457D32A7D3E720007EF04 /* Base */ = {isa = PBXFileReference; lastKnownFileType = file.storyboard; name = Base; path = Base.lproj/LaunchScreen.storyboard; sourceTree = "<group>"; };
		444457D52A7D3E720007EF04 /* Info.plist */ = {isa = PBXFileReference; lastKnownFileType = text.plist.xml; path = Info.plist; sourceTree = "<group>"; };
		444457DA2A7D3E720007EF04 /* thetaTestClientTests.xctest */ = {isa = PBXFileReference; explicitFileType = wrapper.cfbundle; includeInIndex = 0; path = thetaTestClientTests.xctest; sourceTree = BUILT_PRODUCTS_DIR; };
		444457DE2A7D3E720007EF04 /* thetaTestClientTests.swift */ = {isa = PBXFileReference; lastKnownFileType = sourcecode.swift; path = thetaTestClientTests.swift; sourceTree = "<group>"; };
		444457E42A7D3E720007EF04 /* thetaTestClientUITests.xctest */ = {isa = PBXFileReference; explicitFileType = wrapper.cfbundle; includeInIndex = 0; path = thetaTestClientUITests.xctest; sourceTree = BUILT_PRODUCTS_DIR; };
		444457E82A7D3E720007EF04 /* thetaTestClientUITests.swift */ = {isa = PBXFileReference; lastKnownFileType = sourcecode.swift; path = thetaTestClientUITests.swift; sourceTree = "<group>"; };
		444457EA2A7D3E720007EF04 /* thetaTestClientUITestsLaunchTests.swift */ = {isa = PBXFileReference; lastKnownFileType = sourcecode.swift; path = thetaTestClientUITestsLaunchTests.swift; sourceTree = "<group>"; };
		444457F72A7D3EEB0007EF04 /* ThetaSdk.swift */ = {isa = PBXFileReference; fileEncoding = 4; lastKnownFileType = sourcecode.swift; path = ThetaSdk.swift; sourceTree = "<group>"; };
		444457F92A7D41AE0007EF04 /* RicohThetaManager.swift */ = {isa = PBXFileReference; lastKnownFileType = sourcecode.swift; path = RicohThetaManager.swift; sourceTree = "<group>"; };
		56E3010C595054EEDC80A136 /* Pods-thetaTestClient-thetaTestClientUITests.debug.xcconfig */ = {isa = PBXFileReference; includeInIndex = 1; lastKnownFileType = text.xcconfig; name = "Pods-thetaTestClient-thetaTestClientUITests.debug.xcconfig"; path = "Target Support Files/Pods-thetaTestClient-thetaTestClientUITests/Pods-thetaTestClient-thetaTestClientUITests.debug.xcconfig"; sourceTree = "<group>"; };
		6B625F868524D307075694D7 /* Pods_thetaTestClient.framework */ = {isa = PBXFileReference; explicitFileType = wrapper.framework; includeInIndex = 0; path = Pods_thetaTestClient.framework; sourceTree = BUILT_PRODUCTS_DIR; };
		6F568A9B248B1D6D5FF6E0BF /* Pods-thetaTestClientTests.debug.xcconfig */ = {isa = PBXFileReference; includeInIndex = 1; lastKnownFileType = text.xcconfig; name = "Pods-thetaTestClientTests.debug.xcconfig"; path = "Target Support Files/Pods-thetaTestClientTests/Pods-thetaTestClientTests.debug.xcconfig"; sourceTree = "<group>"; };
		8F6D49886AE0EA36638AD47B /* Pods_thetaTestClientTests.framework */ = {isa = PBXFileReference; explicitFileType = wrapper.framework; includeInIndex = 0; path = Pods_thetaTestClientTests.framework; sourceTree = BUILT_PRODUCTS_DIR; };
		B8A4D18CF2DDD12A4B73BA7C /* Pods-thetaTestClient.debug.xcconfig */ = {isa = PBXFileReference; includeInIndex = 1; lastKnownFileType = text.xcconfig; name = "Pods-thetaTestClient.debug.xcconfig"; path = "Target Support Files/Pods-thetaTestClient/Pods-thetaTestClient.debug.xcconfig"; sourceTree = "<group>"; };
		D1281E8D5315252050DD8C3F /* Pods-thetaTestClient.release.xcconfig */ = {isa = PBXFileReference; includeInIndex = 1; lastKnownFileType = text.xcconfig; name = "Pods-thetaTestClient.release.xcconfig"; path = "Target Support Files/Pods-thetaTestClient/Pods-thetaTestClient.release.xcconfig"; sourceTree = "<group>"; };
		F0C4B05E85BAF0749EF24AD0 /* Pods-thetaTestClient-thetaTestClientUITests.release.xcconfig */ = {isa = PBXFileReference; includeInIndex = 1; lastKnownFileType = text.xcconfig; name = "Pods-thetaTestClient-thetaTestClientUITests.release.xcconfig"; path = "Target Support Files/Pods-thetaTestClient-thetaTestClientUITests/Pods-thetaTestClient-thetaTestClientUITests.release.xcconfig"; sourceTree = "<group>"; };
		FA86DA2511BBF1F46AEB8C28 /* Pods-thetaTestClientTests.release.xcconfig */ = {isa = PBXFileReference; includeInIndex = 1; lastKnownFileType = text.xcconfig; name = "Pods-thetaTestClientTests.release.xcconfig"; path = "Target Support Files/Pods-thetaTestClientTests/Pods-thetaTestClientTests.release.xcconfig"; sourceTree = "<group>"; };
/* End PBXFileReference section */

/* Begin PBXFrameworksBuildPhase section */
		444457C12A7D3E700007EF04 /* Frameworks */ = {
			isa = PBXFrameworksBuildPhase;
			buildActionMask = 2147483647;
			files = (
				B0141BFA10C7F4C1D03B064A /* Pods_thetaTestClient.framework in Frameworks */,
			);
			runOnlyForDeploymentPostprocessing = 0;
		};
		444457D72A7D3E720007EF04 /* Frameworks */ = {
			isa = PBXFrameworksBuildPhase;
			buildActionMask = 2147483647;
			files = (
				8703FD05E291101859778CCF /* Pods_thetaTestClientTests.framework in Frameworks */,
			);
			runOnlyForDeploymentPostprocessing = 0;
		};
		444457E12A7D3E720007EF04 /* Frameworks */ = {
			isa = PBXFrameworksBuildPhase;
			buildActionMask = 2147483647;
			files = (
				B6BA27053544DAAD3F33B82D /* Pods_thetaTestClient_thetaTestClientUITests.framework in Frameworks */,
			);
			runOnlyForDeploymentPostprocessing = 0;
		};
/* End PBXFrameworksBuildPhase section */

/* Begin PBXGroup section */
		07BB0CD846F08D95CB85A78D /* Pods */ = {
			isa = PBXGroup;
			children = (
				B8A4D18CF2DDD12A4B73BA7C /* Pods-thetaTestClient.debug.xcconfig */,
				D1281E8D5315252050DD8C3F /* Pods-thetaTestClient.release.xcconfig */,
				56E3010C595054EEDC80A136 /* Pods-thetaTestClient-thetaTestClientUITests.debug.xcconfig */,
				F0C4B05E85BAF0749EF24AD0 /* Pods-thetaTestClient-thetaTestClientUITests.release.xcconfig */,
				6F568A9B248B1D6D5FF6E0BF /* Pods-thetaTestClientTests.debug.xcconfig */,
				FA86DA2511BBF1F46AEB8C28 /* Pods-thetaTestClientTests.release.xcconfig */,
			);
			path = Pods;
			sourceTree = "<group>";
		};
		444457BB2A7D3E700007EF04 = {
			isa = PBXGroup;
			children = (
				444457C62A7D3E700007EF04 /* thetaTestClient */,
				444457DD2A7D3E720007EF04 /* thetaTestClientTests */,
				444457E72A7D3E720007EF04 /* thetaTestClientUITests */,
				444457C52A7D3E700007EF04 /* Products */,
				07BB0CD846F08D95CB85A78D /* Pods */,
				FFB583A351077BD9C1700929 /* Frameworks */,
			);
			sourceTree = "<group>";
		};
		444457C52A7D3E700007EF04 /* Products */ = {
			isa = PBXGroup;
			children = (
				444457C42A7D3E700007EF04 /* thetaTestClient.app */,
				444457DA2A7D3E720007EF04 /* thetaTestClientTests.xctest */,
				444457E42A7D3E720007EF04 /* thetaTestClientUITests.xctest */,
			);
			name = Products;
			sourceTree = "<group>";
		};
		444457C62A7D3E700007EF04 /* thetaTestClient */ = {
			isa = PBXGroup;
			children = (
				444457F72A7D3EEB0007EF04 /* ThetaSdk.swift */,
				444457C72A7D3E700007EF04 /* AppDelegate.swift */,
				444457C92A7D3E700007EF04 /* SceneDelegate.swift */,
				444457CB2A7D3E700007EF04 /* ViewController.swift */,
				444457CD2A7D3E700007EF04 /* Main.storyboard */,
				444457D02A7D3E720007EF04 /* Assets.xcassets */,
				444457D22A7D3E720007EF04 /* LaunchScreen.storyboard */,
				444457D52A7D3E720007EF04 /* Info.plist */,
				444457F92A7D41AE0007EF04 /* RicohThetaManager.swift */,
			);
			path = thetaTestClient;
			sourceTree = "<group>";
		};
		444457DD2A7D3E720007EF04 /* thetaTestClientTests */ = {
			isa = PBXGroup;
			children = (
				444457DE2A7D3E720007EF04 /* thetaTestClientTests.swift */,
			);
			path = thetaTestClientTests;
			sourceTree = "<group>";
		};
		444457E72A7D3E720007EF04 /* thetaTestClientUITests */ = {
			isa = PBXGroup;
			children = (
				444457E82A7D3E720007EF04 /* thetaTestClientUITests.swift */,
				444457EA2A7D3E720007EF04 /* thetaTestClientUITestsLaunchTests.swift */,
			);
			path = thetaTestClientUITests;
			sourceTree = "<group>";
		};
		FFB583A351077BD9C1700929 /* Frameworks */ = {
			isa = PBXGroup;
			children = (
				6B625F868524D307075694D7 /* Pods_thetaTestClient.framework */,
				31E4EB7D0F29E5E11AAD7742 /* Pods_thetaTestClient_thetaTestClientUITests.framework */,
				8F6D49886AE0EA36638AD47B /* Pods_thetaTestClientTests.framework */,
			);
			name = Frameworks;
			sourceTree = "<group>";
		};
/* End PBXGroup section */

/* Begin PBXNativeTarget section */
		444457C32A7D3E700007EF04 /* thetaTestClient */ = {
			isa = PBXNativeTarget;
			buildConfigurationList = 444457EE2A7D3E720007EF04 /* Build configuration list for PBXNativeTarget "thetaTestClient" */;
			buildPhases = (
				0CD35B92E9ECBE8B38897D25 /* [CP] Check Pods Manifest.lock */,
				444457C02A7D3E700007EF04 /* Sources */,
				444457C12A7D3E700007EF04 /* Frameworks */,
				444457C22A7D3E700007EF04 /* Resources */,
				887DF9383AD0C91178E40CD0 /* [CP] Embed Pods Frameworks */,
			);
			buildRules = (
			);
			dependencies = (
			);
			name = thetaTestClient;
			productName = thetaTestClient;
			productReference = 444457C42A7D3E700007EF04 /* thetaTestClient.app */;
			productType = "com.apple.product-type.application";
		};
		444457D92A7D3E720007EF04 /* thetaTestClientTests */ = {
			isa = PBXNativeTarget;
			buildConfigurationList = 444457F12A7D3E720007EF04 /* Build configuration list for PBXNativeTarget "thetaTestClientTests" */;
			buildPhases = (
				B3BD44C1144B6F53AA51435C /* [CP] Check Pods Manifest.lock */,
				444457D62A7D3E720007EF04 /* Sources */,
				444457D72A7D3E720007EF04 /* Frameworks */,
				444457D82A7D3E720007EF04 /* Resources */,
			);
			buildRules = (
			);
			dependencies = (
				444457DC2A7D3E720007EF04 /* PBXTargetDependency */,
			);
			name = thetaTestClientTests;
			productName = thetaTestClientTests;
			productReference = 444457DA2A7D3E720007EF04 /* thetaTestClientTests.xctest */;
			productType = "com.apple.product-type.bundle.unit-test";
		};
		444457E32A7D3E720007EF04 /* thetaTestClientUITests */ = {
			isa = PBXNativeTarget;
			buildConfigurationList = 444457F42A7D3E720007EF04 /* Build configuration list for PBXNativeTarget "thetaTestClientUITests" */;
			buildPhases = (
				8FD86AF9818D1C9C90D0F0CF /* [CP] Check Pods Manifest.lock */,
				444457E02A7D3E720007EF04 /* Sources */,
				444457E12A7D3E720007EF04 /* Frameworks */,
				444457E22A7D3E720007EF04 /* Resources */,
				A799484F7D036623DD5A7AAF /* [CP] Embed Pods Frameworks */,
			);
			buildRules = (
			);
			dependencies = (
				444457E62A7D3E720007EF04 /* PBXTargetDependency */,
			);
			name = thetaTestClientUITests;
			productName = thetaTestClientUITests;
			productReference = 444457E42A7D3E720007EF04 /* thetaTestClientUITests.xctest */;
			productType = "com.apple.product-type.bundle.ui-testing";
		};
/* End PBXNativeTarget section */

/* Begin PBXProject section */
		444457BC2A7D3E700007EF04 /* Project object */ = {
			isa = PBXProject;
			attributes = {
				BuildIndependentTargetsInParallel = 1;
				LastSwiftUpdateCheck = 1410;
				LastUpgradeCheck = 1410;
				TargetAttributes = {
					444457C32A7D3E700007EF04 = {
						CreatedOnToolsVersion = 14.1;
					};
					444457D92A7D3E720007EF04 = {
						CreatedOnToolsVersion = 14.1;
						TestTargetID = 444457C32A7D3E700007EF04;
					};
					444457E32A7D3E720007EF04 = {
						CreatedOnToolsVersion = 14.1;
						TestTargetID = 444457C32A7D3E700007EF04;
					};
				};
			};
			buildConfigurationList = 444457BF2A7D3E700007EF04 /* Build configuration list for PBXProject "thetaTestClient" */;
			compatibilityVersion = "Xcode 14.0";
			developmentRegion = en;
			hasScannedForEncodings = 0;
			knownRegions = (
				en,
				Base,
			);
			mainGroup = 444457BB2A7D3E700007EF04;
			productRefGroup = 444457C52A7D3E700007EF04 /* Products */;
			projectDirPath = "";
			projectRoot = "";
			targets = (
				444457C32A7D3E700007EF04 /* thetaTestClient */,
				444457D92A7D3E720007EF04 /* thetaTestClientTests */,
				444457E32A7D3E720007EF04 /* thetaTestClientUITests */,
			);
		};
/* End PBXProject section */

/* Begin PBXResourcesBuildPhase section */
		444457C22A7D3E700007EF04 /* Resources */ = {
			isa = PBXResourcesBuildPhase;
			buildActionMask = 2147483647;
			files = (
				444457D42A7D3E720007EF04 /* LaunchScreen.storyboard in Resources */,
				444457D12A7D3E720007EF04 /* Assets.xcassets in Resources */,
				444457CF2A7D3E700007EF04 /* Main.storyboard in Resources */,
			);
			runOnlyForDeploymentPostprocessing = 0;
		};
		444457D82A7D3E720007EF04 /* Resources */ = {
			isa = PBXResourcesBuildPhase;
			buildActionMask = 2147483647;
			files = (
			);
			runOnlyForDeploymentPostprocessing = 0;
		};
		444457E22A7D3E720007EF04 /* Resources */ = {
			isa = PBXResourcesBuildPhase;
			buildActionMask = 2147483647;
			files = (
			);
			runOnlyForDeploymentPostprocessing = 0;
		};
/* End PBXResourcesBuildPhase section */

/* Begin PBXShellScriptBuildPhase section */
		0CD35B92E9ECBE8B38897D25 /* [CP] Check Pods Manifest.lock */ = {
			isa = PBXShellScriptBuildPhase;
			buildActionMask = 2147483647;
			files = (
			);
			inputFileListPaths = (
			);
			inputPaths = (
				"${PODS_PODFILE_DIR_PATH}/Podfile.lock",
				"${PODS_ROOT}/Manifest.lock",
			);
			name = "[CP] Check Pods Manifest.lock";
			outputFileListPaths = (
			);
			outputPaths = (
				"$(DERIVED_FILE_DIR)/Pods-thetaTestClient-checkManifestLockResult.txt",
			);
			runOnlyForDeploymentPostprocessing = 0;
			shellPath = /bin/sh;
			shellScript = "diff \"${PODS_PODFILE_DIR_PATH}/Podfile.lock\" \"${PODS_ROOT}/Manifest.lock\" > /dev/null\nif [ $? != 0 ] ; then\n    # print error to STDERR\n    echo \"error: The sandbox is not in sync with the Podfile.lock. Run 'pod install' or update your CocoaPods installation.\" >&2\n    exit 1\nfi\n# This output is used by Xcode 'outputs' to avoid re-running this script phase.\necho \"SUCCESS\" > \"${SCRIPT_OUTPUT_FILE_0}\"\n";
			showEnvVarsInLog = 0;
		};
		887DF9383AD0C91178E40CD0 /* [CP] Embed Pods Frameworks */ = {
			isa = PBXShellScriptBuildPhase;
			buildActionMask = 2147483647;
			files = (
			);
			inputFileListPaths = (
				"${PODS_ROOT}/Target Support Files/Pods-thetaTestClient/Pods-thetaTestClient-frameworks-${CONFIGURATION}-input-files.xcfilelist",
			);
			name = "[CP] Embed Pods Frameworks";
			outputFileListPaths = (
				"${PODS_ROOT}/Target Support Files/Pods-thetaTestClient/Pods-thetaTestClient-frameworks-${CONFIGURATION}-output-files.xcfilelist",
			);
			runOnlyForDeploymentPostprocessing = 0;
			shellPath = /bin/sh;
			shellScript = "\"${PODS_ROOT}/Target Support Files/Pods-thetaTestClient/Pods-thetaTestClient-frameworks.sh\"\n";
			showEnvVarsInLog = 0;
		};
		8FD86AF9818D1C9C90D0F0CF /* [CP] Check Pods Manifest.lock */ = {
			isa = PBXShellScriptBuildPhase;
			buildActionMask = 2147483647;
			files = (
			);
			inputFileListPaths = (
			);
			inputPaths = (
				"${PODS_PODFILE_DIR_PATH}/Podfile.lock",
				"${PODS_ROOT}/Manifest.lock",
			);
			name = "[CP] Check Pods Manifest.lock";
			outputFileListPaths = (
			);
			outputPaths = (
				"$(DERIVED_FILE_DIR)/Pods-thetaTestClient-thetaTestClientUITests-checkManifestLockResult.txt",
			);
			runOnlyForDeploymentPostprocessing = 0;
			shellPath = /bin/sh;
			shellScript = "diff \"${PODS_PODFILE_DIR_PATH}/Podfile.lock\" \"${PODS_ROOT}/Manifest.lock\" > /dev/null\nif [ $? != 0 ] ; then\n    # print error to STDERR\n    echo \"error: The sandbox is not in sync with the Podfile.lock. Run 'pod install' or update your CocoaPods installation.\" >&2\n    exit 1\nfi\n# This output is used by Xcode 'outputs' to avoid re-running this script phase.\necho \"SUCCESS\" > \"${SCRIPT_OUTPUT_FILE_0}\"\n";
			showEnvVarsInLog = 0;
		};
		A799484F7D036623DD5A7AAF /* [CP] Embed Pods Frameworks */ = {
			isa = PBXShellScriptBuildPhase;
			buildActionMask = 2147483647;
			files = (
			);
			inputFileListPaths = (
				"${PODS_ROOT}/Target Support Files/Pods-thetaTestClient-thetaTestClientUITests/Pods-thetaTestClient-thetaTestClientUITests-frameworks-${CONFIGURATION}-input-files.xcfilelist",
			);
			name = "[CP] Embed Pods Frameworks";
			outputFileListPaths = (
				"${PODS_ROOT}/Target Support Files/Pods-thetaTestClient-thetaTestClientUITests/Pods-thetaTestClient-thetaTestClientUITests-frameworks-${CONFIGURATION}-output-files.xcfilelist",
			);
			runOnlyForDeploymentPostprocessing = 0;
			shellPath = /bin/sh;
			shellScript = "\"${PODS_ROOT}/Target Support Files/Pods-thetaTestClient-thetaTestClientUITests/Pods-thetaTestClient-thetaTestClientUITests-frameworks.sh\"\n";
			showEnvVarsInLog = 0;
		};
		B3BD44C1144B6F53AA51435C /* [CP] Check Pods Manifest.lock */ = {
			isa = PBXShellScriptBuildPhase;
			buildActionMask = 2147483647;
			files = (
			);
			inputFileListPaths = (
			);
			inputPaths = (
				"${PODS_PODFILE_DIR_PATH}/Podfile.lock",
				"${PODS_ROOT}/Manifest.lock",
			);
			name = "[CP] Check Pods Manifest.lock";
			outputFileListPaths = (
			);
			outputPaths = (
				"$(DERIVED_FILE_DIR)/Pods-thetaTestClientTests-checkManifestLockResult.txt",
			);
			runOnlyForDeploymentPostprocessing = 0;
			shellPath = /bin/sh;
			shellScript = "diff \"${PODS_PODFILE_DIR_PATH}/Podfile.lock\" \"${PODS_ROOT}/Manifest.lock\" > /dev/null\nif [ $? != 0 ] ; then\n    # print error to STDERR\n    echo \"error: The sandbox is not in sync with the Podfile.lock. Run 'pod install' or update your CocoaPods installation.\" >&2\n    exit 1\nfi\n# This output is used by Xcode 'outputs' to avoid re-running this script phase.\necho \"SUCCESS\" > \"${SCRIPT_OUTPUT_FILE_0}\"\n";
			showEnvVarsInLog = 0;
		};
/* End PBXShellScriptBuildPhase section */

/* Begin PBXSourcesBuildPhase section */
		444457C02A7D3E700007EF04 /* Sources */ = {
			isa = PBXSourcesBuildPhase;
			buildActionMask = 2147483647;
			files = (
				444457FA2A7D41AE0007EF04 /* RicohThetaManager.swift in Sources */,
				444457CC2A7D3E700007EF04 /* ViewController.swift in Sources */,
				444457F82A7D3EEB0007EF04 /* ThetaSdk.swift in Sources */,
				444457C82A7D3E700007EF04 /* AppDelegate.swift in Sources */,
				444457CA2A7D3E700007EF04 /* SceneDelegate.swift in Sources */,
			);
			runOnlyForDeploymentPostprocessing = 0;
		};
		444457D62A7D3E720007EF04 /* Sources */ = {
			isa = PBXSourcesBuildPhase;
			buildActionMask = 2147483647;
			files = (
				444457DF2A7D3E720007EF04 /* thetaTestClientTests.swift in Sources */,
			);
			runOnlyForDeploymentPostprocessing = 0;
		};
		444457E02A7D3E720007EF04 /* Sources */ = {
			isa = PBXSourcesBuildPhase;
			buildActionMask = 2147483647;
			files = (
				444457EB2A7D3E720007EF04 /* thetaTestClientUITestsLaunchTests.swift in Sources */,
				444457E92A7D3E720007EF04 /* thetaTestClientUITests.swift in Sources */,
			);
			runOnlyForDeploymentPostprocessing = 0;
		};
/* End PBXSourcesBuildPhase section */

/* Begin PBXTargetDependency section */
		444457DC2A7D3E720007EF04 /* PBXTargetDependency */ = {
			isa = PBXTargetDependency;
			target = 444457C32A7D3E700007EF04 /* thetaTestClient */;
			targetProxy = 444457DB2A7D3E720007EF04 /* PBXContainerItemProxy */;
		};
		444457E62A7D3E720007EF04 /* PBXTargetDependency */ = {
			isa = PBXTargetDependency;
			target = 444457C32A7D3E700007EF04 /* thetaTestClient */;
			targetProxy = 444457E52A7D3E720007EF04 /* PBXContainerItemProxy */;
		};
/* End PBXTargetDependency section */

/* Begin PBXVariantGroup section */
		444457CD2A7D3E700007EF04 /* Main.storyboard */ = {
			isa = PBXVariantGroup;
			children = (
				444457CE2A7D3E700007EF04 /* Base */,
			);
			name = Main.storyboard;
			sourceTree = "<group>";
		};
		444457D22A7D3E720007EF04 /* LaunchScreen.storyboard */ = {
			isa = PBXVariantGroup;
			children = (
				444457D32A7D3E720007EF04 /* Base */,
			);
			name = LaunchScreen.storyboard;
			sourceTree = "<group>";
		};
/* End PBXVariantGroup section */

/* Begin XCBuildConfiguration section */
		444457EC2A7D3E720007EF04 /* Debug */ = {
			isa = XCBuildConfiguration;
			buildSettings = {
				ALWAYS_SEARCH_USER_PATHS = NO;
				CLANG_ANALYZER_NONNULL = YES;
				CLANG_ANALYZER_NUMBER_OBJECT_CONVERSION = YES_AGGRESSIVE;
				CLANG_CXX_LANGUAGE_STANDARD = "gnu++20";
				CLANG_ENABLE_MODULES = YES;
				CLANG_ENABLE_OBJC_ARC = YES;
				CLANG_ENABLE_OBJC_WEAK = YES;
				CLANG_WARN_BLOCK_CAPTURE_AUTORELEASING = YES;
				CLANG_WARN_BOOL_CONVERSION = YES;
				CLANG_WARN_COMMA = YES;
				CLANG_WARN_CONSTANT_CONVERSION = YES;
				CLANG_WARN_DEPRECATED_OBJC_IMPLEMENTATIONS = YES;
				CLANG_WARN_DIRECT_OBJC_ISA_USAGE = YES_ERROR;
				CLANG_WARN_DOCUMENTATION_COMMENTS = YES;
				CLANG_WARN_EMPTY_BODY = YES;
				CLANG_WARN_ENUM_CONVERSION = YES;
				CLANG_WARN_INFINITE_RECURSION = YES;
				CLANG_WARN_INT_CONVERSION = YES;
				CLANG_WARN_NON_LITERAL_NULL_CONVERSION = YES;
				CLANG_WARN_OBJC_IMPLICIT_RETAIN_SELF = YES;
				CLANG_WARN_OBJC_LITERAL_CONVERSION = YES;
				CLANG_WARN_OBJC_ROOT_CLASS = YES_ERROR;
				CLANG_WARN_QUOTED_INCLUDE_IN_FRAMEWORK_HEADER = YES;
				CLANG_WARN_RANGE_LOOP_ANALYSIS = YES;
				CLANG_WARN_STRICT_PROTOTYPES = YES;
				CLANG_WARN_SUSPICIOUS_MOVE = YES;
				CLANG_WARN_UNGUARDED_AVAILABILITY = YES_AGGRESSIVE;
				CLANG_WARN_UNREACHABLE_CODE = YES;
				CLANG_WARN__DUPLICATE_METHOD_MATCH = YES;
				COPY_PHASE_STRIP = NO;
				DEBUG_INFORMATION_FORMAT = dwarf;
				ENABLE_STRICT_OBJC_MSGSEND = YES;
				ENABLE_TESTABILITY = YES;
				GCC_C_LANGUAGE_STANDARD = gnu11;
				GCC_DYNAMIC_NO_PIC = NO;
				GCC_NO_COMMON_BLOCKS = YES;
				GCC_OPTIMIZATION_LEVEL = 0;
				GCC_PREPROCESSOR_DEFINITIONS = (
					"DEBUG=1",
					"$(inherited)",
				);
				GCC_WARN_64_TO_32_BIT_CONVERSION = YES;
				GCC_WARN_ABOUT_RETURN_TYPE = YES_ERROR;
				GCC_WARN_UNDECLARED_SELECTOR = YES;
				GCC_WARN_UNINITIALIZED_AUTOS = YES_AGGRESSIVE;
				GCC_WARN_UNUSED_FUNCTION = YES;
				GCC_WARN_UNUSED_VARIABLE = YES;
				IPHONEOS_DEPLOYMENT_TARGET = 16.1;
				MTL_ENABLE_DEBUG_INFO = INCLUDE_SOURCE;
				MTL_FAST_MATH = YES;
				ONLY_ACTIVE_ARCH = YES;
				SDKROOT = iphoneos;
				SWIFT_ACTIVE_COMPILATION_CONDITIONS = DEBUG;
				SWIFT_OPTIMIZATION_LEVEL = "-Onone";
			};
			name = Debug;
		};
		444457ED2A7D3E720007EF04 /* Release */ = {
			isa = XCBuildConfiguration;
			buildSettings = {
				ALWAYS_SEARCH_USER_PATHS = NO;
				CLANG_ANALYZER_NONNULL = YES;
				CLANG_ANALYZER_NUMBER_OBJECT_CONVERSION = YES_AGGRESSIVE;
				CLANG_CXX_LANGUAGE_STANDARD = "gnu++20";
				CLANG_ENABLE_MODULES = YES;
				CLANG_ENABLE_OBJC_ARC = YES;
				CLANG_ENABLE_OBJC_WEAK = YES;
				CLANG_WARN_BLOCK_CAPTURE_AUTORELEASING = YES;
				CLANG_WARN_BOOL_CONVERSION = YES;
				CLANG_WARN_COMMA = YES;
				CLANG_WARN_CONSTANT_CONVERSION = YES;
				CLANG_WARN_DEPRECATED_OBJC_IMPLEMENTATIONS = YES;
				CLANG_WARN_DIRECT_OBJC_ISA_USAGE = YES_ERROR;
				CLANG_WARN_DOCUMENTATION_COMMENTS = YES;
				CLANG_WARN_EMPTY_BODY = YES;
				CLANG_WARN_ENUM_CONVERSION = YES;
				CLANG_WARN_INFINITE_RECURSION = YES;
				CLANG_WARN_INT_CONVERSION = YES;
				CLANG_WARN_NON_LITERAL_NULL_CONVERSION = YES;
				CLANG_WARN_OBJC_IMPLICIT_RETAIN_SELF = YES;
				CLANG_WARN_OBJC_LITERAL_CONVERSION = YES;
				CLANG_WARN_OBJC_ROOT_CLASS = YES_ERROR;
				CLANG_WARN_QUOTED_INCLUDE_IN_FRAMEWORK_HEADER = YES;
				CLANG_WARN_RANGE_LOOP_ANALYSIS = YES;
				CLANG_WARN_STRICT_PROTOTYPES = YES;
				CLANG_WARN_SUSPICIOUS_MOVE = YES;
				CLANG_WARN_UNGUARDED_AVAILABILITY = YES_AGGRESSIVE;
				CLANG_WARN_UNREACHABLE_CODE = YES;
				CLANG_WARN__DUPLICATE_METHOD_MATCH = YES;
				COPY_PHASE_STRIP = NO;
				DEBUG_INFORMATION_FORMAT = "dwarf-with-dsym";
				ENABLE_NS_ASSERTIONS = NO;
				ENABLE_STRICT_OBJC_MSGSEND = YES;
				GCC_C_LANGUAGE_STANDARD = gnu11;
				GCC_NO_COMMON_BLOCKS = YES;
				GCC_WARN_64_TO_32_BIT_CONVERSION = YES;
				GCC_WARN_ABOUT_RETURN_TYPE = YES_ERROR;
				GCC_WARN_UNDECLARED_SELECTOR = YES;
				GCC_WARN_UNINITIALIZED_AUTOS = YES_AGGRESSIVE;
				GCC_WARN_UNUSED_FUNCTION = YES;
				GCC_WARN_UNUSED_VARIABLE = YES;
				IPHONEOS_DEPLOYMENT_TARGET = 16.1;
				MTL_ENABLE_DEBUG_INFO = NO;
				MTL_FAST_MATH = YES;
				SDKROOT = iphoneos;
				SWIFT_COMPILATION_MODE = wholemodule;
				SWIFT_OPTIMIZATION_LEVEL = "-O";
				VALIDATE_PRODUCT = YES;
			};
			name = Release;
		};
		444457EF2A7D3E720007EF04 /* Debug */ = {
			isa = XCBuildConfiguration;
			baseConfigurationReference = B8A4D18CF2DDD12A4B73BA7C /* Pods-thetaTestClient.debug.xcconfig */;
			buildSettings = {
				ASSETCATALOG_COMPILER_APPICON_NAME = AppIcon;
				ASSETCATALOG_COMPILER_GLOBAL_ACCENT_COLOR_NAME = AccentColor;
				CODE_SIGN_STYLE = Automatic;
				CURRENT_PROJECT_VERSION = 1;
				DEVELOPMENT_TEAM = Z8P35PS5F8;
				GENERATE_INFOPLIST_FILE = YES;
				INFOPLIST_FILE = thetaTestClient/Info.plist;
				INFOPLIST_KEY_UIApplicationSupportsIndirectInputEvents = YES;
				INFOPLIST_KEY_UILaunchStoryboardName = LaunchScreen;
				INFOPLIST_KEY_UIMainStoryboardFile = Main;
				INFOPLIST_KEY_UISupportedInterfaceOrientations_iPad = "UIInterfaceOrientationPortrait UIInterfaceOrientationPortraitUpsideDown UIInterfaceOrientationLandscapeLeft UIInterfaceOrientationLandscapeRight";
				INFOPLIST_KEY_UISupportedInterfaceOrientations_iPhone = "UIInterfaceOrientationPortrait UIInterfaceOrientationLandscapeLeft UIInterfaceOrientationLandscapeRight";
				LD_RUNPATH_SEARCH_PATHS = (
					"$(inherited)",
					"@executable_path/Frameworks",
				);
				MARKETING_VERSION = 1.0;
				PRODUCT_BUNDLE_IDENTIFIER = test.thetaTestClient;
				PRODUCT_NAME = "$(TARGET_NAME)";
				SWIFT_EMIT_LOC_STRINGS = YES;
				SWIFT_VERSION = 5.0;
				TARGETED_DEVICE_FAMILY = "1,2";
			};
			name = Debug;
		};
		444457F02A7D3E720007EF04 /* Release */ = {
			isa = XCBuildConfiguration;
			baseConfigurationReference = D1281E8D5315252050DD8C3F /* Pods-thetaTestClient.release.xcconfig */;
			buildSettings = {
				ASSETCATALOG_COMPILER_APPICON_NAME = AppIcon;
				ASSETCATALOG_COMPILER_GLOBAL_ACCENT_COLOR_NAME = AccentColor;
				CODE_SIGN_STYLE = Automatic;
				CURRENT_PROJECT_VERSION = 1;
				DEVELOPMENT_TEAM = Z8P35PS5F8;
				GENERATE_INFOPLIST_FILE = YES;
				INFOPLIST_FILE = thetaTestClient/Info.plist;
				INFOPLIST_KEY_UIApplicationSupportsIndirectInputEvents = YES;
				INFOPLIST_KEY_UILaunchStoryboardName = LaunchScreen;
				INFOPLIST_KEY_UIMainStoryboardFile = Main;
				INFOPLIST_KEY_UISupportedInterfaceOrientations_iPad = "UIInterfaceOrientationPortrait UIInterfaceOrientationPortraitUpsideDown UIInterfaceOrientationLandscapeLeft UIInterfaceOrientationLandscapeRight";
				INFOPLIST_KEY_UISupportedInterfaceOrientations_iPhone = "UIInterfaceOrientationPortrait UIInterfaceOrientationLandscapeLeft UIInterfaceOrientationLandscapeRight";
				LD_RUNPATH_SEARCH_PATHS = (
					"$(inherited)",
					"@executable_path/Frameworks",
				);
				MARKETING_VERSION = 1.0;
				PRODUCT_BUNDLE_IDENTIFIER = test.thetaTestClient;
				PRODUCT_NAME = "$(TARGET_NAME)";
				SWIFT_EMIT_LOC_STRINGS = YES;
				SWIFT_VERSION = 5.0;
				TARGETED_DEVICE_FAMILY = "1,2";
			};
			name = Release;
		};
		444457F22A7D3E720007EF04 /* Debug */ = {
			isa = XCBuildConfiguration;
			baseConfigurationReference = 6F568A9B248B1D6D5FF6E0BF /* Pods-thetaTestClientTests.debug.xcconfig */;
			buildSettings = {
				ALWAYS_EMBED_SWIFT_STANDARD_LIBRARIES = YES;
				BUNDLE_LOADER = "$(TEST_HOST)";
				CODE_SIGN_STYLE = Automatic;
				CURRENT_PROJECT_VERSION = 1;
				DEVELOPMENT_TEAM = Z8P35PS5F8;
				GENERATE_INFOPLIST_FILE = YES;
				IPHONEOS_DEPLOYMENT_TARGET = 16.1;
				MARKETING_VERSION = 1.0;
				PRODUCT_BUNDLE_IDENTIFIER = test.thetaTestClientTests;
				PRODUCT_NAME = "$(TARGET_NAME)";
				SWIFT_EMIT_LOC_STRINGS = NO;
				SWIFT_VERSION = 5.0;
				TARGETED_DEVICE_FAMILY = "1,2";
				TEST_HOST = "$(BUILT_PRODUCTS_DIR)/thetaTestClient.app/$(BUNDLE_EXECUTABLE_FOLDER_PATH)/thetaTestClient";
			};
			name = Debug;
		};
		444457F32A7D3E720007EF04 /* Release */ = {
			isa = XCBuildConfiguration;
			baseConfigurationReference = FA86DA2511BBF1F46AEB8C28 /* Pods-thetaTestClientTests.release.xcconfig */;
			buildSettings = {
				ALWAYS_EMBED_SWIFT_STANDARD_LIBRARIES = YES;
				BUNDLE_LOADER = "$(TEST_HOST)";
				CODE_SIGN_STYLE = Automatic;
				CURRENT_PROJECT_VERSION = 1;
				DEVELOPMENT_TEAM = Z8P35PS5F8;
				GENERATE_INFOPLIST_FILE = YES;
				IPHONEOS_DEPLOYMENT_TARGET = 16.1;
				MARKETING_VERSION = 1.0;
				PRODUCT_BUNDLE_IDENTIFIER = test.thetaTestClientTests;
				PRODUCT_NAME = "$(TARGET_NAME)";
				SWIFT_EMIT_LOC_STRINGS = NO;
				SWIFT_VERSION = 5.0;
				TARGETED_DEVICE_FAMILY = "1,2";
				TEST_HOST = "$(BUILT_PRODUCTS_DIR)/thetaTestClient.app/$(BUNDLE_EXECUTABLE_FOLDER_PATH)/thetaTestClient";
			};
			name = Release;
		};
		444457F52A7D3E720007EF04 /* Debug */ = {
			isa = XCBuildConfiguration;
			baseConfigurationReference = 56E3010C595054EEDC80A136 /* Pods-thetaTestClient-thetaTestClientUITests.debug.xcconfig */;
			buildSettings = {
				ALWAYS_EMBED_SWIFT_STANDARD_LIBRARIES = YES;
				CODE_SIGN_STYLE = Automatic;
				CURRENT_PROJECT_VERSION = 1;
				DEVELOPMENT_TEAM = Z8P35PS5F8;
				GENERATE_INFOPLIST_FILE = YES;
				MARKETING_VERSION = 1.0;
				PRODUCT_BUNDLE_IDENTIFIER = test.thetaTestClientUITests;
				PRODUCT_NAME = "$(TARGET_NAME)";
				SWIFT_EMIT_LOC_STRINGS = NO;
				SWIFT_VERSION = 5.0;
				TARGETED_DEVICE_FAMILY = "1,2";
				TEST_TARGET_NAME = thetaTestClient;
			};
			name = Debug;
		};
		444457F62A7D3E720007EF04 /* Release */ = {
			isa = XCBuildConfiguration;
			baseConfigurationReference = F0C4B05E85BAF0749EF24AD0 /* Pods-thetaTestClient-thetaTestClientUITests.release.xcconfig */;
			buildSettings = {
				ALWAYS_EMBED_SWIFT_STANDARD_LIBRARIES = YES;
				CODE_SIGN_STYLE = Automatic;
				CURRENT_PROJECT_VERSION = 1;
				DEVELOPMENT_TEAM = Z8P35PS5F8;
				GENERATE_INFOPLIST_FILE = YES;
				MARKETING_VERSION = 1.0;
				PRODUCT_BUNDLE_IDENTIFIER = test.thetaTestClientUITests;
				PRODUCT_NAME = "$(TARGET_NAME)";
				SWIFT_EMIT_LOC_STRINGS = NO;
				SWIFT_VERSION = 5.0;
				TARGETED_DEVICE_FAMILY = "1,2";
				TEST_TARGET_NAME = thetaTestClient;
			};
			name = Release;
		};
/* End XCBuildConfiguration section */

/* Begin XCConfigurationList section */
		444457BF2A7D3E700007EF04 /* Build configuration list for PBXProject "thetaTestClient" */ = {
			isa = XCConfigurationList;
			buildConfigurations = (
				444457EC2A7D3E720007EF04 /* Debug */,
				444457ED2A7D3E720007EF04 /* Release */,
			);
			defaultConfigurationIsVisible = 0;
			defaultConfigurationName = Release;
		};
		444457EE2A7D3E720007EF04 /* Build configuration list for PBXNativeTarget "thetaTestClient" */ = {
			isa = XCConfigurationList;
			buildConfigurations = (
				444457EF2A7D3E720007EF04 /* Debug */,
				444457F02A7D3E720007EF04 /* Release */,
			);
			defaultConfigurationIsVisible = 0;
			defaultConfigurationName = Release;
		};
		444457F12A7D3E720007EF04 /* Build configuration list for PBXNativeTarget "thetaTestClientTests" */ = {
			isa = XCConfigurationList;
			buildConfigurations = (
				444457F22A7D3E720007EF04 /* Debug */,
				444457F32A7D3E720007EF04 /* Release */,
			);
			defaultConfigurationIsVisible = 0;
			defaultConfigurationName = Release;
		};
		444457F42A7D3E720007EF04 /* Build configuration list for PBXNativeTarget "thetaTestClientUITests" */ = {
			isa = XCConfigurationList;
			buildConfigurations = (
				444457F52A7D3E720007EF04 /* Debug */,
				444457F62A7D3E720007EF04 /* Release */,
			);
			defaultConfigurationIsVisible = 0;
			defaultConfigurationName = Release;
		};
/* End XCConfigurationList section */
	};
	rootObject = 444457BC2A7D3E700007EF04 /* Project object */;
}
