// !$*UTF8*$!
{
	archiveVersion = 1;
	classes = {
	};
	objectVersion = 56;
	objects = {

/* Begin PBXBuildFile section */
		444457C82A7D3E700007EF04 /* AppDelegate.swift in Sources */ = {isa = PBXBuildFile; fileRef = 444457C72A7D3E700007EF04 /* AppDelegate.swift */; };
		444457CA2A7D3E700007EF04 /* SceneDelegate.swift in Sources */ = {isa = PBXBuildFile; fileRef = 444457C92A7D3E700007EF04 /* SceneDelegate.swift */; };
		444457CC2A7D3E700007EF04 /* ViewController.swift in Sources */ = {isa = PBXBuildFile; fileRef = 444457CB2A7D3E700007EF04 /* ViewController.swift */; };
		444457CF2A7D3E700007EF04 /* Main.storyboard in Resources */ = {isa = PBXBuildFile; fileRef = 444457CD2A7D3E700007EF04 /* Main.storyboard */; };
		444457D12A7D3E720007EF04 /* Assets.xcassets in Resources */ = {isa = PBXBuildFile; fileRef = 444457D02A7D3E720007EF04 /* Assets.xcassets */; };
		444457D42A7D3E720007EF04 /* LaunchScreen.storyboard in Resources */ = {isa = PBXBuildFile; fileRef = 444457D22A7D3E720007EF04 /* LaunchScreen.storyboard */; };
		444457DF2A7D3E720007EF04 /* thetaTestClientTests.swift in Sources */ = {isa = PBXBuildFile; fileRef = 444457DE2A7D3E720007EF04 /* thetaTestClientTests.swift */; };
		444457E92A7D3E720007EF04 /* thetaTestClientUITests.swift in Sources */ = {isa = PBXBuildFile; fileRef = 444457E82A7D3E720007EF04 /* thetaTestClientUITests.swift */; };
		444457EB2A7D3E720007EF04 /* thetaTestClientUITestsLaunchTests.swift in Sources */ = {isa = PBXBuildFile; fileRef = 444457EA2A7D3E720007EF04 /* thetaTestClientUITestsLaunchTests.swift */; };
/* End PBXBuildFile section */

/* Begin PBXContainerItemProxy section */
		444457DB2A7D3E720007EF04 /* PBXContainerItemProxy */ = {
			isa = PBXContainerItemProxy;
			containerPortal = 444457BC2A7D3E700007EF04 /* Project object */;
			proxyType = 1;
			remoteGlobalIDString = 444457C32A7D3E700007EF04;
			remoteInfo = thetaTestClient;
		};
		444457E52A7D3E720007EF04 /* PBXContainerItemProxy */ = {
			isa = PBXContainerItemProxy;
			containerPortal = 444457BC2A7D3E700007EF04 /* Project object */;
			proxyType = 1;
			remoteGlobalIDString = 444457C32A7D3E700007EF04;
			remoteInfo = thetaTestClient;
		};
/* End PBXContainerItemProxy section */

/* Begin PBXFileReference section */
		444457C42A7D3E700007EF04 /* thetaTestClient.app */ = {isa = PBXFileReference; explicitFileType = wrapper.application; includeInIndex = 0; path = thetaTestClient.app; sourceTree = BUILT_PRODUCTS_DIR; };
		444457C72A7D3E700007EF04 /* AppDelegate.swift */ = {isa = PBXFileReference; lastKnownFileType = sourcecode.swift; path = AppDelegate.swift; sourceTree = "<group>"; };
		444457C92A7D3E700007EF04 /* SceneDelegate.swift */ = {isa = PBXFileReference; lastKnownFileType = sourcecode.swift; path = SceneDelegate.swift; sourceTree = "<group>"; };
		444457CB2A7D3E700007EF04 /* ViewController.swift */ = {isa = PBXFileReference; lastKnownFileType = sourcecode.swift; path = ViewController.swift; sourceTree = "<group>"; };
		444457CE2A7D3E700007EF04 /* Base */ = {isa = PBXFileReference; lastKnownFileType = file.storyboard; name = Base; path = Base.lproj/Main.storyboard; sourceTree = "<group>"; };
		444457D02A7D3E720007EF04 /* Assets.xcassets */ = {isa = PBXFileReference; lastKnownFileType = folder.assetcatalog; path = Assets.xcassets; sourceTree = "<group>"; };
		444457D32A7D3E720007EF04 /* Base */ = {isa = PBXFileReference; lastKnownFileType = file.storyboard; name = Base; path = Base.lproj/LaunchScreen.storyboard; sourceTree = "<group>"; };
		444457D52A7D3E720007EF04 /* Info.plist */ = {isa = PBXFileReference; lastKnownFileType = text.plist.xml; path = Info.plist; sourceTree = "<group>"; };
		444457DA2A7D3E720007EF04 /* thetaTestClientTests.xctest */ = {isa = PBXFileReference; explicitFileType = wrapper.cfbundle; includeInIndex = 0; path = thetaTestClientTests.xctest; sourceTree = BUILT_PRODUCTS_DIR; };
		444457DE2A7D3E720007EF04 /* thetaTestClientTests.swift */ = {isa = PBXFileReference; lastKnownFileType = sourcecode.swift; path = thetaTestClientTests.swift; sourceTree = "<group>"; };
		444457E42A7D3E720007EF04 /* thetaTestClientUITests.xctest */ = {isa = PBXFileReference; explicitFileType = wrapper.cfbundle; includeInIndex = 0; path = thetaTestClientUITests.xctest; sourceTree = BUILT_PRODUCTS_DIR; };
		444457E82A7D3E720007EF04 /* thetaTestClientUITests.swift */ = {isa = PBXFileReference; lastKnownFileType = sourcecode.swift; path = thetaTestClientUITests.swift; sourceTree = "<group>"; };
		444457EA2A7D3E720007EF04 /* thetaTestClientUITestsLaunchTests.swift */ = {isa = PBXFileReference; lastKnownFileType = sourcecode.swift; path = thetaTestClientUITestsLaunchTests.swift; sourceTree = "<group>"; };
/* End PBXFileReference section */

/* Begin PBXFrameworksBuildPhase section */
		444457C12A7D3E700007EF04 /* Frameworks */ = {
			isa = PBXFrameworksBuildPhase;
			buildActionMask = 2147483647;
			files = (
			);
			runOnlyForDeploymentPostprocessing = 0;
		};
		444457D72A7D3E720007EF04 /* Frameworks */ = {
			isa = PBXFrameworksBuildPhase;
			buildActionMask = 2147483647;
			files = (
			);
			runOnlyForDeploymentPostprocessing = 0;
		};
		444457E12A7D3E720007EF04 /* Frameworks */ = {
			isa = PBXFrameworksBuildPhase;
			buildActionMask = 2147483647;
			files = (
			);
			runOnlyForDeploymentPostprocessing = 0;
		};
/* End PBXFrameworksBuildPhase section */

/* Begin PBXGroup section */
		444457BB2A7D3E700007EF04 = {
			isa = PBXGroup;
			children = (
				444457C62A7D3E700007EF04 /* thetaTestClient */,
				444457DD2A7D3E720007EF04 /* thetaTestClientTests */,
				444457E72A7D3E720007EF04 /* thetaTestClientUITests */,
				444457C52A7D3E700007EF04 /* Products */,
			);
			sourceTree = "<group>";
		};
		444457C52A7D3E700007EF04 /* Products */ = {
			isa = PBXGroup;
			children = (
				444457C42A7D3E700007EF04 /* thetaTestClient.app */,
				444457DA2A7D3E720007EF04 /* thetaTestClientTests.xctest */,
				444457E42A7D3E720007EF04 /* thetaTestClientUITests.xctest */,
			);
			name = Products;
			sourceTree = "<group>";
		};
		444457C62A7D3E700007EF04 /* thetaTestClient */ = {
			isa = PBXGroup;
			children = (
				444457C72A7D3E700007EF04 /* AppDelegate.swift */,
				444457C92A7D3E700007EF04 /* SceneDelegate.swift */,
				444457CB2A7D3E700007EF04 /* ViewController.swift */,
				444457CD2A7D3E700007EF04 /* Main.storyboard */,
				444457D02A7D3E720007EF04 /* Assets.xcassets */,
				444457D22A7D3E720007EF04 /* LaunchScreen.storyboard */,
				444457D52A7D3E720007EF04 /* Info.plist */,
			);
			path = thetaTestClient;
			sourceTree = "<group>";
		};
		444457DD2A7D3E720007EF04 /* thetaTestClientTests */ = {
			isa = PBXGroup;
			children = (
				444457DE2A7D3E720007EF04 /* thetaTestClientTests.swift */,
			);
			path = thetaTestClientTests;
			sourceTree = "<group>";
		};
		444457E72A7D3E720007EF04 /* thetaTestClientUITests */ = {
			isa = PBXGroup;
			children = (
				444457E82A7D3E720007EF04 /* thetaTestClientUITests.swift */,
				444457EA2A7D3E720007EF04 /* thetaTestClientUITestsLaunchTests.swift */,
			);
			path = thetaTestClientUITests;
			sourceTree = "<group>";
		};
/* End PBXGroup section */

/* Begin PBXNativeTarget section */
		444457C32A7D3E700007EF04 /* thetaTestClient */ = {
			isa = PBXNativeTarget;
			buildConfigurationList = 444457EE2A7D3E720007EF04 /* Build configuration list for PBXNativeTarget "thetaTestClient" */;
			buildPhases = (
				444457C02A7D3E700007EF04 /* Sources */,
				444457C12A7D3E700007EF04 /* Frameworks */,
				444457C22A7D3E700007EF04 /* Resources */,
			);
			buildRules = (
			);
			dependencies = (
			);
			name = thetaTestClient;
			productName = thetaTestClient;
			productReference = 444457C42A7D3E700007EF04 /* thetaTestClient.app */;
			productType = "com.apple.product-type.application";
		};
		444457D92A7D3E720007EF04 /* thetaTestClientTests */ = {
			isa = PBXNativeTarget;
			buildConfigurationList = 444457F12A7D3E720007EF04 /* Build configuration list for PBXNativeTarget "thetaTestClientTests" */;
			buildPhases = (
				444457D62A7D3E720007EF04 /* Sources */,
				444457D72A7D3E720007EF04 /* Frameworks */,
				444457D82A7D3E720007EF04 /* Resources */,
			);
			buildRules = (
			);
			dependencies = (
				444457DC2A7D3E720007EF04 /* PBXTargetDependency */,
			);
			name = thetaTestClientTests;
			productName = thetaTestClientTests;
			productReference = 444457DA2A7D3E720007EF04 /* thetaTestClientTests.xctest */;
			productType = "com.apple.product-type.bundle.unit-test";
		};
		444457E32A7D3E720007EF04 /* thetaTestClientUITests */ = {
			isa = PBXNativeTarget;
			buildConfigurationList = 444457F42A7D3E720007EF04 /* Build configuration list for PBXNativeTarget "thetaTestClientUITests" */;
			buildPhases = (
				444457E02A7D3E720007EF04 /* Sources */,
				444457E12A7D3E720007EF04 /* Frameworks */,
				444457E22A7D3E720007EF04 /* Resources */,
			);
			buildRules = (
			);
			dependencies = (
				444457E62A7D3E720007EF04 /* PBXTargetDependency */,
			);
			name = thetaTestClientUITests;
			productName = thetaTestClientUITests;
			productReference = 444457E42A7D3E720007EF04 /* thetaTestClientUITests.xctest */;
			productType = "com.apple.product-type.bundle.ui-testing";
		};
/* End PBXNativeTarget section */

/* Begin PBXProject section */
		444457BC2A7D3E700007EF04 /* Project object */ = {
			isa = PBXProject;
			attributes = {
				BuildIndependentTargetsInParallel = 1;
				LastSwiftUpdateCheck = 1410;
				LastUpgradeCheck = 1410;
				TargetAttributes = {
					444457C32A7D3E700007EF04 = {
						CreatedOnToolsVersion = 14.1;
					};
					444457D92A7D3E720007EF04 = {
						CreatedOnToolsVersion = 14.1;
						TestTargetID = 444457C32A7D3E700007EF04;
					};
					444457E32A7D3E720007EF04 = {
						CreatedOnToolsVersion = 14.1;
						TestTargetID = 444457C32A7D3E700007EF04;
					};
				};
			};
			buildConfigurationList = 444457BF2A7D3E700007EF04 /* Build configuration list for PBXProject "thetaTestClient" */;
			compatibilityVersion = "Xcode 14.0";
			developmentRegion = en;
			hasScannedForEncodings = 0;
			knownRegions = (
				en,
				Base,
			);
			mainGroup = 444457BB2A7D3E700007EF04;
			productRefGroup = 444457C52A7D3E700007EF04 /* Products */;
			projectDirPath = "";
			projectRoot = "";
			targets = (
				444457C32A7D3E700007EF04 /* thetaTestClient */,
				444457D92A7D3E720007EF04 /* thetaTestClientTests */,
				444457E32A7D3E720007EF04 /* thetaTestClientUITests */,
			);
		};
/* End PBXProject section */

/* Begin PBXResourcesBuildPhase section */
		444457C22A7D3E700007EF04 /* Resources */ = {
			isa = PBXResourcesBuildPhase;
			buildActionMask = 2147483647;
			files = (
				444457D42A7D3E720007EF04 /* LaunchScreen.storyboard in Resources */,
				444457D12A7D3E720007EF04 /* Assets.xcassets in Resources */,
				444457CF2A7D3E700007EF04 /* Main.storyboard in Resources */,
			);
			runOnlyForDeploymentPostprocessing = 0;
		};
		444457D82A7D3E720007EF04 /* Resources */ = {
			isa = PBXResourcesBuildPhase;
			buildActionMask = 2147483647;
			files = (
			);
			runOnlyForDeploymentPostprocessing = 0;
		};
		444457E22A7D3E720007EF04 /* Resources */ = {
			isa = PBXResourcesBuildPhase;
			buildActionMask = 2147483647;
			files = (
			);
			runOnlyForDeploymentPostprocessing = 0;
		};
/* End PBXResourcesBuildPhase section */

/* Begin PBXSourcesBuildPhase section */
		444457C02A7D3E700007EF04 /* Sources */ = {
			isa = PBXSourcesBuildPhase;
			buildActionMask = 2147483647;
			files = (
				444457CC2A7D3E700007EF04 /* ViewController.swift in Sources */,
				444457C82A7D3E700007EF04 /* AppDelegate.swift in Sources */,
				444457CA2A7D3E700007EF04 /* SceneDelegate.swift in Sources */,
			);
			runOnlyForDeploymentPostprocessing = 0;
		};
		444457D62A7D3E720007EF04 /* Sources */ = {
			isa = PBXSourcesBuildPhase;
			buildActionMask = 2147483647;
			files = (
				444457DF2A7D3E720007EF04 /* thetaTestClientTests.swift in Sources */,
			);
			runOnlyForDeploymentPostprocessing = 0;
		};
		444457E02A7D3E720007EF04 /* Sources */ = {
			isa = PBXSourcesBuildPhase;
			buildActionMask = 2147483647;
			files = (
				444457EB2A7D3E720007EF04 /* thetaTestClientUITestsLaunchTests.swift in Sources */,
				444457E92A7D3E720007EF04 /* thetaTestClientUITests.swift in Sources */,
			);
			runOnlyForDeploymentPostprocessing = 0;
		};
/* End PBXSourcesBuildPhase section */

/* Begin PBXTargetDependency section */
		444457DC2A7D3E720007EF04 /* PBXTargetDependency */ = {
			isa = PBXTargetDependency;
			target = 444457C32A7D3E700007EF04 /* thetaTestClient */;
			targetProxy = 444457DB2A7D3E720007EF04 /* PBXContainerItemProxy */;
		};
		444457E62A7D3E720007EF04 /* PBXTargetDependency */ = {
			isa = PBXTargetDependency;
			target = 444457C32A7D3E700007EF04 /* thetaTestClient */;
			targetProxy = 444457E52A7D3E720007EF04 /* PBXContainerItemProxy */;
		};
/* End PBXTargetDependency section */

/* Begin PBXVariantGroup section */
		444457CD2A7D3E700007EF04 /* Main.storyboard */ = {
			isa = PBXVariantGroup;
			children = (
				444457CE2A7D3E700007EF04 /* Base */,
			);
			name = Main.storyboard;
			sourceTree = "<group>";
		};
		444457D22A7D3E720007EF04 /* LaunchScreen.storyboard */ = {
			isa = PBXVariantGroup;
			children = (
				444457D32A7D3E720007EF04 /* Base */,
			);
			name = LaunchScreen.storyboard;
			sourceTree = "<group>";
		};
/* End PBXVariantGroup section */

/* Begin XCBuildConfiguration section */
		444457EC2A7D3E720007EF04 /* Debug */ = {
			isa = XCBuildConfiguration;
			buildSettings = {
				ALWAYS_SEARCH_USER_PATHS = NO;
				CLANG_ANALYZER_NONNULL = YES;
				CLANG_ANALYZER_NUMBER_OBJECT_CONVERSION = YES_AGGRESSIVE;
				CLANG_CXX_LANGUAGE_STANDARD = "gnu++20";
				CLANG_ENABLE_MODULES = YES;
				CLANG_ENABLE_OBJC_ARC = YES;
				CLANG_ENABLE_OBJC_WEAK = YES;
				CLANG_WARN_BLOCK_CAPTURE_AUTORELEASING = YES;
				CLANG_WARN_BOOL_CONVERSION = YES;
				CLANG_WARN_COMMA = YES;
				CLANG_WARN_CONSTANT_CONVERSION = YES;
				CLANG_WARN_DEPRECATED_OBJC_IMPLEMENTATIONS = YES;
				CLANG_WARN_DIRECT_OBJC_ISA_USAGE = YES_ERROR;
				CLANG_WARN_DOCUMENTATION_COMMENTS = YES;
				CLANG_WARN_EMPTY_BODY = YES;
				CLANG_WARN_ENUM_CONVERSION = YES;
				CLANG_WARN_INFINITE_RECURSION = YES;
				CLANG_WARN_INT_CONVERSION = YES;
				CLANG_WARN_NON_LITERAL_NULL_CONVERSION = YES;
				CLANG_WARN_OBJC_IMPLICIT_RETAIN_SELF = YES;
				CLANG_WARN_OBJC_LITERAL_CONVERSION = YES;
				CLANG_WARN_OBJC_ROOT_CLASS = YES_ERROR;
				CLANG_WARN_QUOTED_INCLUDE_IN_FRAMEWORK_HEADER = YES;
				CLANG_WARN_RANGE_LOOP_ANALYSIS = YES;
				CLANG_WARN_STRICT_PROTOTYPES = YES;
				CLANG_WARN_SUSPICIOUS_MOVE = YES;
				CLANG_WARN_UNGUARDED_AVAILABILITY = YES_AGGRESSIVE;
				CLANG_WARN_UNREACHABLE_CODE = YES;
				CLANG_WARN__DUPLICATE_METHOD_MATCH = YES;
				COPY_PHASE_STRIP = NO;
				DEBUG_INFORMATION_FORMAT = dwarf;
				ENABLE_STRICT_OBJC_MSGSEND = YES;
				ENABLE_TESTABILITY = YES;
				GCC_C_LANGUAGE_STANDARD = gnu11;
				GCC_DYNAMIC_NO_PIC = NO;
				GCC_NO_COMMON_BLOCKS = YES;
				GCC_OPTIMIZATION_LEVEL = 0;
				GCC_PREPROCESSOR_DEFINITIONS = (
					"DEBUG=1",
					"$(inherited)",
				);
				GCC_WARN_64_TO_32_BIT_CONVERSION = YES;
				GCC_WARN_ABOUT_RETURN_TYPE = YES_ERROR;
				GCC_WARN_UNDECLARED_SELECTOR = YES;
				GCC_WARN_UNINITIALIZED_AUTOS = YES_AGGRESSIVE;
				GCC_WARN_UNUSED_FUNCTION = YES;
				GCC_WARN_UNUSED_VARIABLE = YES;
				IPHONEOS_DEPLOYMENT_TARGET = 16.1;
				MTL_ENABLE_DEBUG_INFO = INCLUDE_SOURCE;
				MTL_FAST_MATH = YES;
				ONLY_ACTIVE_ARCH = YES;
				SDKROOT = iphoneos;
				SWIFT_ACTIVE_COMPILATION_CONDITIONS = DEBUG;
				SWIFT_OPTIMIZATION_LEVEL = "-Onone";
			};
			name = Debug;
		};
		444457ED2A7D3E720007EF04 /* Release */ = {
			isa = XCBuildConfiguration;
			buildSettings = {
				ALWAYS_SEARCH_USER_PATHS = NO;
				CLANG_ANALYZER_NONNULL = YES;
				CLANG_ANALYZER_NUMBER_OBJECT_CONVERSION = YES_AGGRESSIVE;
				CLANG_CXX_LANGUAGE_STANDARD = "gnu++20";
				CLANG_ENABLE_MODULES = YES;
				CLANG_ENABLE_OBJC_ARC = YES;
				CLANG_ENABLE_OBJC_WEAK = YES;
				CLANG_WARN_BLOCK_CAPTURE_AUTORELEASING = YES;
				CLANG_WARN_BOOL_CONVERSION = YES;
				CLANG_WARN_COMMA = YES;
				CLANG_WARN_CONSTANT_CONVERSION = YES;
				CLANG_WARN_DEPRECATED_OBJC_IMPLEMENTATIONS = YES;
				CLANG_WARN_DIRECT_OBJC_ISA_USAGE = YES_ERROR;
				CLANG_WARN_DOCUMENTATION_COMMENTS = YES;
				CLANG_WARN_EMPTY_BODY = YES;
				CLANG_WARN_ENUM_CONVERSION = YES;
				CLANG_WARN_INFINITE_RECURSION = YES;
				CLANG_WARN_INT_CONVERSION = YES;
				CLANG_WARN_NON_LITERAL_NULL_CONVERSION = YES;
				CLANG_WARN_OBJC_IMPLICIT_RETAIN_SELF = YES;
				CLANG_WARN_OBJC_LITERAL_CONVERSION = YES;
				CLANG_WARN_OBJC_ROOT_CLASS = YES_ERROR;
				CLANG_WARN_QUOTED_INCLUDE_IN_FRAMEWORK_HEADER = YES;
				CLANG_WARN_RANGE_LOOP_ANALYSIS = YES;
				CLANG_WARN_STRICT_PROTOTYPES = YES;
				CLANG_WARN_SUSPICIOUS_MOVE = YES;
				CLANG_WARN_UNGUARDED_AVAILABILITY = YES_AGGRESSIVE;
				CLANG_WARN_UNREACHABLE_CODE = YES;
				CLANG_WARN__DUPLICATE_METHOD_MATCH = YES;
				COPY_PHASE_STRIP = NO;
				DEBUG_INFORMATION_FORMAT = "dwarf-with-dsym";
				ENABLE_NS_ASSERTIONS = NO;
				ENABLE_STRICT_OBJC_MSGSEND = YES;
				GCC_C_LANGUAGE_STANDARD = gnu11;
				GCC_NO_COMMON_BLOCKS = YES;
				GCC_WARN_64_TO_32_BIT_CONVERSION = YES;
				GCC_WARN_ABOUT_RETURN_TYPE = YES_ERROR;
				GCC_WARN_UNDECLARED_SELECTOR = YES;
				GCC_WARN_UNINITIALIZED_AUTOS = YES_AGGRESSIVE;
				GCC_WARN_UNUSED_FUNCTION = YES;
				GCC_WARN_UNUSED_VARIABLE = YES;
				IPHONEOS_DEPLOYMENT_TARGET = 16.1;
				MTL_ENABLE_DEBUG_INFO = NO;
				MTL_FAST_MATH = YES;
				SDKROOT = iphoneos;
				SWIFT_COMPILATION_MODE = wholemodule;
				SWIFT_OPTIMIZATION_LEVEL = "-O";
				VALIDATE_PRODUCT = YES;
			};
			name = Release;
		};
		444457EF2A7D3E720007EF04 /* Debug */ = {
			isa = XCBuildConfiguration;
			buildSettings = {
				ASSETCATALOG_COMPILER_APPICON_NAME = AppIcon;
				ASSETCATALOG_COMPILER_GLOBAL_ACCENT_COLOR_NAME = AccentColor;
				CODE_SIGN_STYLE = Automatic;
				CURRENT_PROJECT_VERSION = 1;
				DEVELOPMENT_TEAM = Z8P35PS5F8;
				GENERATE_INFOPLIST_FILE = YES;
				INFOPLIST_FILE = thetaTestClient/Info.plist;
				INFOPLIST_KEY_UIApplicationSupportsIndirectInputEvents = YES;
				INFOPLIST_KEY_UILaunchStoryboardName = LaunchScreen;
				INFOPLIST_KEY_UIMainStoryboardFile = Main;
				INFOPLIST_KEY_UISupportedInterfaceOrientations_iPad = "UIInterfaceOrientationPortrait UIInterfaceOrientationPortraitUpsideDown UIInterfaceOrientationLandscapeLeft UIInterfaceOrientationLandscapeRight";
				INFOPLIST_KEY_UISupportedInterfaceOrientations_iPhone = "UIInterfaceOrientationPortrait UIInterfaceOrientationLandscapeLeft UIInterfaceOrientationLandscapeRight";
				LD_RUNPATH_SEARCH_PATHS = (
					"$(inherited)",
					"@executable_path/Frameworks",
				);
				MARKETING_VERSION = 1.0;
				PRODUCT_BUNDLE_IDENTIFIER = test.thetaTestClient;
				PRODUCT_NAME = "$(TARGET_NAME)";
				SWIFT_EMIT_LOC_STRINGS = YES;
				SWIFT_VERSION = 5.0;
				TARGETED_DEVICE_FAMILY = "1,2";
			};
			name = Debug;
		};
		444457F02A7D3E720007EF04 /* Release */ = {
			isa = XCBuildConfiguration;
			buildSettings = {
				ASSETCATALOG_COMPILER_APPICON_NAME = AppIcon;
				ASSETCATALOG_COMPILER_GLOBAL_ACCENT_COLOR_NAME = AccentColor;
				CODE_SIGN_STYLE = Automatic;
				CURRENT_PROJECT_VERSION = 1;
				DEVELOPMENT_TEAM = Z8P35PS5F8;
				GENERATE_INFOPLIST_FILE = YES;
				INFOPLIST_FILE = thetaTestClient/Info.plist;
				INFOPLIST_KEY_UIApplicationSupportsIndirectInputEvents = YES;
				INFOPLIST_KEY_UILaunchStoryboardName = LaunchScreen;
				INFOPLIST_KEY_UIMainStoryboardFile = Main;
				INFOPLIST_KEY_UISupportedInterfaceOrientations_iPad = "UIInterfaceOrientationPortrait UIInterfaceOrientationPortraitUpsideDown UIInterfaceOrientationLandscapeLeft UIInterfaceOrientationLandscapeRight";
				INFOPLIST_KEY_UISupportedInterfaceOrientations_iPhone = "UIInterfaceOrientationPortrait UIInterfaceOrientationLandscapeLeft UIInterfaceOrientationLandscapeRight";
				LD_RUNPATH_SEARCH_PATHS = (
					"$(inherited)",
					"@executable_path/Frameworks",
				);
				MARKETING_VERSION = 1.0;
				PRODUCT_BUNDLE_IDENTIFIER = test.thetaTestClient;
				PRODUCT_NAME = "$(TARGET_NAME)";
				SWIFT_EMIT_LOC_STRINGS = YES;
				SWIFT_VERSION = 5.0;
				TARGETED_DEVICE_FAMILY = "1,2";
			};
			name = Release;
		};
		444457F22A7D3E720007EF04 /* Debug */ = {
			isa = XCBuildConfiguration;
			buildSettings = {
				ALWAYS_EMBED_SWIFT_STANDARD_LIBRARIES = YES;
				BUNDLE_LOADER = "$(TEST_HOST)";
				CODE_SIGN_STYLE = Automatic;
				CURRENT_PROJECT_VERSION = 1;
				DEVELOPMENT_TEAM = Z8P35PS5F8;
				GENERATE_INFOPLIST_FILE = YES;
				IPHONEOS_DEPLOYMENT_TARGET = 16.1;
				MARKETING_VERSION = 1.0;
				PRODUCT_BUNDLE_IDENTIFIER = test.thetaTestClientTests;
				PRODUCT_NAME = "$(TARGET_NAME)";
				SWIFT_EMIT_LOC_STRINGS = NO;
				SWIFT_VERSION = 5.0;
				TARGETED_DEVICE_FAMILY = "1,2";
				TEST_HOST = "$(BUILT_PRODUCTS_DIR)/thetaTestClient.app/$(BUNDLE_EXECUTABLE_FOLDER_PATH)/thetaTestClient";
			};
			name = Debug;
		};
		444457F32A7D3E720007EF04 /* Release */ = {
			isa = XCBuildConfiguration;
			buildSettings = {
				ALWAYS_EMBED_SWIFT_STANDARD_LIBRARIES = YES;
				BUNDLE_LOADER = "$(TEST_HOST)";
				CODE_SIGN_STYLE = Automatic;
				CURRENT_PROJECT_VERSION = 1;
				DEVELOPMENT_TEAM = Z8P35PS5F8;
				GENERATE_INFOPLIST_FILE = YES;
				IPHONEOS_DEPLOYMENT_TARGET = 16.1;
				MARKETING_VERSION = 1.0;
				PRODUCT_BUNDLE_IDENTIFIER = test.thetaTestClientTests;
				PRODUCT_NAME = "$(TARGET_NAME)";
				SWIFT_EMIT_LOC_STRINGS = NO;
				SWIFT_VERSION = 5.0;
				TARGETED_DEVICE_FAMILY = "1,2";
				TEST_HOST = "$(BUILT_PRODUCTS_DIR)/thetaTestClient.app/$(BUNDLE_EXECUTABLE_FOLDER_PATH)/thetaTestClient";
			};
			name = Release;
		};
		444457F52A7D3E720007EF04 /* Debug */ = {
			isa = XCBuildConfiguration;
			buildSettings = {
				ALWAYS_EMBED_SWIFT_STANDARD_LIBRARIES = YES;
				CODE_SIGN_STYLE = Automatic;
				CURRENT_PROJECT_VERSION = 1;
				DEVELOPMENT_TEAM = Z8P35PS5F8;
				GENERATE_INFOPLIST_FILE = YES;
				MARKETING_VERSION = 1.0;
				PRODUCT_BUNDLE_IDENTIFIER = test.thetaTestClientUITests;
				PRODUCT_NAME = "$(TARGET_NAME)";
				SWIFT_EMIT_LOC_STRINGS = NO;
				SWIFT_VERSION = 5.0;
				TARGETED_DEVICE_FAMILY = "1,2";
				TEST_TARGET_NAME = thetaTestClient;
			};
			name = Debug;
		};
		444457F62A7D3E720007EF04 /* Release */ = {
			isa = XCBuildConfiguration;
			buildSettings = {
				ALWAYS_EMBED_SWIFT_STANDARD_LIBRARIES = YES;
				CODE_SIGN_STYLE = Automatic;
				CURRENT_PROJECT_VERSION = 1;
				DEVELOPMENT_TEAM = Z8P35PS5F8;
				GENERATE_INFOPLIST_FILE = YES;
				MARKETING_VERSION = 1.0;
				PRODUCT_BUNDLE_IDENTIFIER = test.thetaTestClientUITests;
				PRODUCT_NAME = "$(TARGET_NAME)";
				SWIFT_EMIT_LOC_STRINGS = NO;
				SWIFT_VERSION = 5.0;
				TARGETED_DEVICE_FAMILY = "1,2";
				TEST_TARGET_NAME = thetaTestClient;
			};
			name = Release;
		};
/* End XCBuildConfiguration section */

/* Begin XCConfigurationList section */
		444457BF2A7D3E700007EF04 /* Build configuration list for PBXProject "thetaTestClient" */ = {
			isa = XCConfigurationList;
			buildConfigurations = (
				444457EC2A7D3E720007EF04 /* Debug */,
				444457ED2A7D3E720007EF04 /* Release */,
			);
			defaultConfigurationIsVisible = 0;
			defaultConfigurationName = Release;
		};
		444457EE2A7D3E720007EF04 /* Build configuration list for PBXNativeTarget "thetaTestClient" */ = {
			isa = XCConfigurationList;
			buildConfigurations = (
				444457EF2A7D3E720007EF04 /* Debug */,
				444457F02A7D3E720007EF04 /* Release */,
			);
			defaultConfigurationIsVisible = 0;
			defaultConfigurationName = Release;
		};
		444457F12A7D3E720007EF04 /* Build configuration list for PBXNativeTarget "thetaTestClientTests" */ = {
			isa = XCConfigurationList;
			buildConfigurations = (
				444457F22A7D3E720007EF04 /* Debug */,
				444457F32A7D3E720007EF04 /* Release */,
			);
			defaultConfigurationIsVisible = 0;
			defaultConfigurationName = Release;
		};
		444457F42A7D3E720007EF04 /* Build configuration list for PBXNativeTarget "thetaTestClientUITests" */ = {
			isa = XCConfigurationList;
			buildConfigurations = (
				444457F52A7D3E720007EF04 /* Debug */,
				444457F62A7D3E720007EF04 /* Release */,
			);
			defaultConfigurationIsVisible = 0;
			defaultConfigurationName = Release;
		};
/* End XCConfigurationList section */
	};
	rootObject = 444457BC2A7D3E700007EF04 /* Project object */;
}
